
Microsoft Visual Studio Solution File, Format Version 12.00
# Visual Studio Version 17
VisualStudioVersion = 17.5.2.0
MinimumVisualStudioVersion = 10.0.40219.1
Project("{FAE04EC0-301F-11D3-BF4B-00C04F79EFBC}") = "Slumber", "Slumber.csproj", "{4E53A75F-0C26-AD73-A070-804BAAB344EA}"
EndProject
Project("{FAE04EC0-301F-11D3-BF4B-00C04F79EFBC}") = "Monolith", "..\Libraries\Monolith-Engine\Monolith.csproj", "{D30EF885-4471-41E3-887A-AD09CF0264CD}"
EndProject
Global
	GlobalSection(SolutionConfigurationPlatforms) = preSolution
		Debug|Any CPU = Debug|Any CPU
		Debug|x64 = Debug|x64
		Debug|x86 = Debug|x86
		Release|Any CPU = Release|Any CPU
		Release|x64 = Release|x64
		Release|x86 = Release|x86
	EndGlobalSection
	GlobalSection(ProjectConfigurationPlatforms) = postSolution
		{4E53A75F-0C26-AD73-A070-804BAAB344EA}.Debug|Any CPU.ActiveCfg = Debug|Any CPU
		{4E53A75F-0C26-AD73-A070-804BAAB344EA}.Debug|Any CPU.Build.0 = Debug|Any CPU
		{4E53A75F-0C26-AD73-A070-804BAAB344EA}.Debug|x64.ActiveCfg = Debug|Any CPU
		{4E53A75F-0C26-AD73-A070-804BAAB344EA}.Debug|x64.Build.0 = Debug|Any CPU
		{4E53A75F-0C26-AD73-A070-804BAAB344EA}.Debug|x86.ActiveCfg = Debug|Any CPU
		{4E53A75F-0C26-AD73-A070-804BAAB344EA}.Debug|x86.Build.0 = Debug|Any CPU
		{4E53A75F-0C26-AD73-A070-804BAAB344EA}.Release|Any CPU.ActiveCfg = Release|Any CPU
		{4E53A75F-0C26-AD73-A070-804BAAB344EA}.Release|Any CPU.Build.0 = Release|Any CPU
		{4E53A75F-0C26-AD73-A070-804BAAB344EA}.Release|x64.ActiveCfg = Release|Any CPU
		{4E53A75F-0C26-AD73-A070-804BAAB344EA}.Release|x64.Build.0 = Release|Any CPU
		{4E53A75F-0C26-AD73-A070-804BAAB344EA}.Release|x86.ActiveCfg = Release|Any CPU
		{4E53A75F-0C26-AD73-A070-804BAAB344EA}.Release|x86.Build.0 = Release|Any CPU
		{D30EF885-4471-41E3-887A-AD09CF0264CD}.Debug|Any CPU.ActiveCfg = Debug|Any CPU
		{D30EF885-4471-41E3-887A-AD09CF0264CD}.Debug|Any CPU.Build.0 = Debug|Any CPU
		{D30EF885-4471-41E3-887A-AD09CF0264CD}.Debug|x64.ActiveCfg = Debug|Any CPU
		{D30EF885-4471-41E3-887A-AD09CF0264CD}.Debug|x64.Build.0 = Debug|Any CPU
		{D30EF885-4471-41E3-887A-AD09CF0264CD}.Debug|x86.ActiveCfg = Debug|Any CPU
		{D30EF885-4471-41E3-887A-AD09CF0264CD}.Debug|x86.Build.0 = Debug|Any CPU
		{D30EF885-4471-41E3-887A-AD09CF0264CD}.Release|Any CPU.ActiveCfg = Release|Any CPU
		{D30EF885-4471-41E3-887A-AD09CF0264CD}.Release|Any CPU.Build.0 = Release|Any CPU
		{D30EF885-4471-41E3-887A-AD09CF0264CD}.Release|x64.ActiveCfg = Release|Any CPU
		{D30EF885-4471-41E3-887A-AD09CF0264CD}.Release|x64.Build.0 = Release|Any CPU
		{D30EF885-4471-41E3-887A-AD09CF0264CD}.Release|x86.ActiveCfg = Release|Any CPU
		{D30EF885-4471-41E3-887A-AD09CF0264CD}.Release|x86.Build.0 = Release|Any CPU
	EndGlobalSection
	GlobalSection(SolutionProperties) = preSolution
		HideSolutionNode = FALSE
	EndGlobalSection
	GlobalSection(ExtensibilityGlobals) = postSolution
		SolutionGuid = {BEF59EE5-1FC1-499D-8CFB-3CBD32FBF36E}
	EndGlobalSection
EndGlobal
